
Microsoft Visual Studio Solution File, Format Version 12.00
# Visual Studio Version 16
VisualStudioVersion = 16.0.30114.105
MinimumVisualStudioVersion = 10.0.40219.1
Project("{9A19103F-16F7-4668-BE54-9A1E7A4F7556}") = "MongoMovie", "MongoMovie\MongoMovie.csproj", "{4059F9EF-67F5-48E5-88DE-2CE700CFAB7C}"
EndProject
Global
	GlobalSection(SolutionConfigurationPlatforms) = preSolution
		Debug|Any CPU = Debug|Any CPU
		Release|Any CPU = Release|Any CPU
	EndGlobalSection
	GlobalSection(ProjectConfigurationPlatforms) = postSolution
		{4059F9EF-67F5-48E5-88DE-2CE700CFAB7C}.Debug|Any CPU.ActiveCfg = Debug|Any CPU
		{4059F9EF-67F5-48E5-88DE-2CE700CFAB7C}.Debug|Any CPU.Build.0 = Debug|Any CPU
		{4059F9EF-67F5-48E5-88DE-2CE700CFAB7C}.Release|Any CPU.ActiveCfg = Release|Any CPU
		{4059F9EF-67F5-48E5-88DE-2CE700CFAB7C}.Release|Any CPU.Build.0 = Release|Any CPU
	EndGlobalSection
	GlobalSection(SolutionProperties) = preSolution
		HideSolutionNode = FALSE
	EndGlobalSection
	GlobalSection(ExtensibilityGlobals) = postSolution
		SolutionGuid = {7A148B7C-2F4C-4F20-8DE5-0E1C06F110BC}
	EndGlobalSection
EndGlobal
